// !$*UTF8*$!
{
	archiveVersion = 1;
	classes = {
	};
	objectVersion = 55;
	objects = {

/* Begin PBXBuildFile section */
		AA1F6EF0286FD3BE00350040 /* About.swift in Sources */ = {isa = PBXBuildFile; fileRef = AA1F6EEF286FD3BE00350040 /* About.swift */; };
		AA30750E28702C140070C8AC /* .gitignore in Resources */ = {isa = PBXBuildFile; fileRef = AA30750D28702C140070C8AC /* .gitignore */; };
		AA40E16F28695528000875C3 /* AppDelegate.swift in Sources */ = {isa = PBXBuildFile; fileRef = AA40E16E28695528000875C3 /* AppDelegate.swift */; };
		AA40E17128695528000875C3 /* ViewController.swift in Sources */ = {isa = PBXBuildFile; fileRef = AA40E17028695528000875C3 /* ViewController.swift */; };
		AA40E1732869552B000875C3 /* Assets.xcassets in Resources */ = {isa = PBXBuildFile; fileRef = AA40E1722869552B000875C3 /* Assets.xcassets */; };
		AA40E1762869552B000875C3 /* Main.storyboard in Resources */ = {isa = PBXBuildFile; fileRef = AA40E1742869552B000875C3 /* Main.storyboard */; };
		AA40E1812869552B000875C3 /* MacCopierTests.swift in Sources */ = {isa = PBXBuildFile; fileRef = AA40E1802869552B000875C3 /* MacCopierTests.swift */; };
		AA40E18B2869552B000875C3 /* MacCopierUITests.swift in Sources */ = {isa = PBXBuildFile; fileRef = AA40E18A2869552B000875C3 /* MacCopierUITests.swift */; };
		AA40E18D2869552B000875C3 /* MacCopierUITestsLaunchTests.swift in Sources */ = {isa = PBXBuildFile; fileRef = AA40E18C2869552B000875C3 /* MacCopierUITestsLaunchTests.swift */; };
		AA4496DB2B4D62BA004EA9A9 /* GeneralSettingViewController.xib in Resources */ = {isa = PBXBuildFile; fileRef = AA4496DA2B4D62BA004EA9A9 /* GeneralSettingViewController.xib */; };
		AA4496DD2B4D62EB004EA9A9 /* GeneralSettingViewController.swift in Sources */ = {isa = PBXBuildFile; fileRef = AA4496DC2B4D62EB004EA9A9 /* GeneralSettingViewController.swift */; };
		AA532FDD2D55E097006FB340 /* LaunchAtLogin in Frameworks */ = {isa = PBXBuildFile; productRef = AA532FDC2D55E097006FB340 /* LaunchAtLogin */; };
		AA532FDF2D55E0AD006FB340 /* Sauce in Frameworks */ = {isa = PBXBuildFile; productRef = AA532FDE2D55E0AD006FB340 /* Sauce */; };
		AA829A012879BB2900FCA4BE /* Clipboard.swift in Sources */ = {isa = PBXBuildFile; fileRef = AA829A002879BB2900FCA4BE /* Clipboard.swift */; };
		AAA80DD12B4EC10200B36D7C /* RegexSettingViewController.xib in Resources */ = {isa = PBXBuildFile; fileRef = AAA80DD02B4EC10200B36D7C /* RegexSettingViewController.xib */; };
		AAA80DD32B4EC11400B36D7C /* RegexSettingViewController.swift in Sources */ = {isa = PBXBuildFile; fileRef = AAA80DD22B4EC11400B36D7C /* RegexSettingViewController.swift */; };
		AAD54C722B4987AC00BF113E /* Settings in Frameworks */ = {isa = PBXBuildFile; productRef = AAD54C712B4987AC00BF113E /* Settings */; };
/* End PBXBuildFile section */

/* Begin PBXContainerItemProxy section */
		AA40E17D2869552B000875C3 /* PBXContainerItemProxy */ = {
			isa = PBXContainerItemProxy;
			containerPortal = AA40E16328695528000875C3 /* Project object */;
			proxyType = 1;
			remoteGlobalIDString = AA40E16A28695528000875C3;
			remoteInfo = MacCopier;
		};
		AA40E1872869552B000875C3 /* PBXContainerItemProxy */ = {
			isa = PBXContainerItemProxy;
			containerPortal = AA40E16328695528000875C3 /* Project object */;
			proxyType = 1;
			remoteGlobalIDString = AA40E16A28695528000875C3;
			remoteInfo = MacCopier;
		};
/* End PBXContainerItemProxy section */

/* Begin PBXFileReference section */
		AA1F6EEF286FD3BE00350040 /* About.swift */ = {isa = PBXFileReference; lastKnownFileType = sourcecode.swift; path = About.swift; sourceTree = "<group>"; };
		AA26B85A28695A1000C546D8 /* Info.plist */ = {isa = PBXFileReference; lastKnownFileType = text.plist; path = Info.plist; sourceTree = "<group>"; };
		AA30750D28702C140070C8AC /* .gitignore */ = {isa = PBXFileReference; lastKnownFileType = text; path = .gitignore; sourceTree = "<group>"; };
		AA40E16B28695528000875C3 /* MacCopier.app */ = {isa = PBXFileReference; explicitFileType = wrapper.application; includeInIndex = 0; path = MacCopier.app; sourceTree = BUILT_PRODUCTS_DIR; };
		AA40E16E28695528000875C3 /* AppDelegate.swift */ = {isa = PBXFileReference; lastKnownFileType = sourcecode.swift; path = AppDelegate.swift; sourceTree = "<group>"; };
		AA40E17028695528000875C3 /* ViewController.swift */ = {isa = PBXFileReference; lastKnownFileType = sourcecode.swift; path = ViewController.swift; sourceTree = "<group>"; };
		AA40E1722869552B000875C3 /* Assets.xcassets */ = {isa = PBXFileReference; lastKnownFileType = folder.assetcatalog; path = Assets.xcassets; sourceTree = "<group>"; };
		AA40E1752869552B000875C3 /* Base */ = {isa = PBXFileReference; lastKnownFileType = file.storyboard; name = Base; path = Base.lproj/Main.storyboard; sourceTree = "<group>"; };
		AA40E1772869552B000875C3 /* MacCopier.entitlements */ = {isa = PBXFileReference; lastKnownFileType = text.plist.entitlements; path = MacCopier.entitlements; sourceTree = "<group>"; };
		AA40E17C2869552B000875C3 /* MacCopierTests.xctest */ = {isa = PBXFileReference; explicitFileType = wrapper.cfbundle; includeInIndex = 0; path = MacCopierTests.xctest; sourceTree = BUILT_PRODUCTS_DIR; };
		AA40E1802869552B000875C3 /* MacCopierTests.swift */ = {isa = PBXFileReference; lastKnownFileType = sourcecode.swift; path = MacCopierTests.swift; sourceTree = "<group>"; };
		AA40E1862869552B000875C3 /* MacCopierUITests.xctest */ = {isa = PBXFileReference; explicitFileType = wrapper.cfbundle; includeInIndex = 0; path = MacCopierUITests.xctest; sourceTree = BUILT_PRODUCTS_DIR; };
		AA40E18A2869552B000875C3 /* MacCopierUITests.swift */ = {isa = PBXFileReference; lastKnownFileType = sourcecode.swift; path = MacCopierUITests.swift; sourceTree = "<group>"; };
		AA40E18C2869552B000875C3 /* MacCopierUITestsLaunchTests.swift */ = {isa = PBXFileReference; lastKnownFileType = sourcecode.swift; path = MacCopierUITestsLaunchTests.swift; sourceTree = "<group>"; };
		AA4496DA2B4D62BA004EA9A9 /* GeneralSettingViewController.xib */ = {isa = PBXFileReference; lastKnownFileType = file.xib; path = GeneralSettingViewController.xib; sourceTree = "<group>"; };
		AA4496DC2B4D62EB004EA9A9 /* GeneralSettingViewController.swift */ = {isa = PBXFileReference; lastKnownFileType = sourcecode.swift; path = GeneralSettingViewController.swift; sourceTree = "<group>"; };
		AA829A002879BB2900FCA4BE /* Clipboard.swift */ = {isa = PBXFileReference; lastKnownFileType = sourcecode.swift; path = Clipboard.swift; sourceTree = "<group>"; };
		AAA80DD02B4EC10200B36D7C /* RegexSettingViewController.xib */ = {isa = PBXFileReference; lastKnownFileType = file.xib; path = RegexSettingViewController.xib; sourceTree = "<group>"; };
		AAA80DD22B4EC11400B36D7C /* RegexSettingViewController.swift */ = {isa = PBXFileReference; lastKnownFileType = sourcecode.swift; path = RegexSettingViewController.swift; sourceTree = "<group>"; };
/* End PBXFileReference section */

/* Begin PBXFrameworksBuildPhase section */
		AA40E16828695528000875C3 /* Frameworks */ = {
			isa = PBXFrameworksBuildPhase;
			buildActionMask = 2147483647;
			files = (
				AA532FDF2D55E0AD006FB340 /* Sauce in Frameworks */,
				AA532FDD2D55E097006FB340 /* LaunchAtLogin in Frameworks */,
				AAD54C722B4987AC00BF113E /* Settings in Frameworks */,
			);
			runOnlyForDeploymentPostprocessing = 0;
		};
		AA40E1792869552B000875C3 /* Frameworks */ = {
			isa = PBXFrameworksBuildPhase;
			buildActionMask = 2147483647;
			files = (
			);
			runOnlyForDeploymentPostprocessing = 0;
		};
		AA40E1832869552B000875C3 /* Frameworks */ = {
			isa = PBXFrameworksBuildPhase;
			buildActionMask = 2147483647;
			files = (
			);
			runOnlyForDeploymentPostprocessing = 0;
		};
/* End PBXFrameworksBuildPhase section */

/* Begin PBXGroup section */
		AA0B356B28701CB800D5331F /* Packages */ = {
			isa = PBXGroup;
			children = (
			);
			name = Packages;
			sourceTree = "<group>";
		};
		AA40E16228695528000875C3 = {
			isa = PBXGroup;
			children = (
				AA30750D28702C140070C8AC /* .gitignore */,
				AA0B356B28701CB800D5331F /* Packages */,
				AA40E16D28695528000875C3 /* MacCopier */,
				AA40E17F2869552B000875C3 /* MacCopierTests */,
				AA40E1892869552B000875C3 /* MacCopierUITests */,
				AA40E16C28695528000875C3 /* Products */,
				AAFA1DA5286A99C900FFCA10 /* Frameworks */,
			);
			sourceTree = "<group>";
		};
		AA40E16C28695528000875C3 /* Products */ = {
			isa = PBXGroup;
			children = (
				AA40E16B28695528000875C3 /* MacCopier.app */,
				AA40E17C2869552B000875C3 /* MacCopierTests.xctest */,
				AA40E1862869552B000875C3 /* MacCopierUITests.xctest */,
			);
			name = Products;
			sourceTree = "<group>";
		};
		AA40E16D28695528000875C3 /* MacCopier */ = {
			isa = PBXGroup;
			children = (
				AA26B85A28695A1000C546D8 /* Info.plist */,
				AA40E16E28695528000875C3 /* AppDelegate.swift */,
				AA40E17028695528000875C3 /* ViewController.swift */,
				AA40E1722869552B000875C3 /* Assets.xcassets */,
				AA40E1742869552B000875C3 /* Main.storyboard */,
				AA40E1772869552B000875C3 /* MacCopier.entitlements */,
				AA1F6EEF286FD3BE00350040 /* About.swift */,
				AA829A002879BB2900FCA4BE /* Clipboard.swift */,
				AA4496DA2B4D62BA004EA9A9 /* GeneralSettingViewController.xib */,
				AA4496DC2B4D62EB004EA9A9 /* GeneralSettingViewController.swift */,
				AAA80DD02B4EC10200B36D7C /* RegexSettingViewController.xib */,
				AAA80DD22B4EC11400B36D7C /* RegexSettingViewController.swift */,
			);
			path = MacCopier;
			sourceTree = "<group>";
		};
		AA40E17F2869552B000875C3 /* MacCopierTests */ = {
			isa = PBXGroup;
			children = (
				AA40E1802869552B000875C3 /* MacCopierTests.swift */,
			);
			path = MacCopierTests;
			sourceTree = "<group>";
		};
		AA40E1892869552B000875C3 /* MacCopierUITests */ = {
			isa = PBXGroup;
			children = (
				AA40E18A2869552B000875C3 /* MacCopierUITests.swift */,
				AA40E18C2869552B000875C3 /* MacCopierUITestsLaunchTests.swift */,
			);
			path = MacCopierUITests;
			sourceTree = "<group>";
		};
		AAFA1DA5286A99C900FFCA10 /* Frameworks */ = {
			isa = PBXGroup;
			children = (
			);
			name = Frameworks;
			sourceTree = "<group>";
		};
/* End PBXGroup section */

/* Begin PBXNativeTarget section */
		AA40E16A28695528000875C3 /* MacCopier */ = {
			isa = PBXNativeTarget;
			buildConfigurationList = AA40E1902869552B000875C3 /* Build configuration list for PBXNativeTarget "MacCopier" */;
			buildPhases = (
				AA40E16728695528000875C3 /* Sources */,
				AA40E16828695528000875C3 /* Frameworks */,
				AA40E16928695528000875C3 /* Resources */,
				AA1F6EF1287018BB00350040 /* Run Script */,
			);
			buildRules = (
			);
			dependencies = (
			);
			name = MacCopier;
			packageProductDependencies = (
				AAD54C712B4987AC00BF113E /* Settings */,
				AA532FDC2D55E097006FB340 /* LaunchAtLogin */,
				AA532FDE2D55E0AD006FB340 /* Sauce */,
			);
			productName = MacCopier;
			productReference = AA40E16B28695528000875C3 /* MacCopier.app */;
			productType = "com.apple.product-type.application";
		};
		AA40E17B2869552B000875C3 /* MacCopierTests */ = {
			isa = PBXNativeTarget;
			buildConfigurationList = AA40E1932869552B000875C3 /* Build configuration list for PBXNativeTarget "MacCopierTests" */;
			buildPhases = (
				AA40E1782869552B000875C3 /* Sources */,
				AA40E1792869552B000875C3 /* Frameworks */,
				AA40E17A2869552B000875C3 /* Resources */,
			);
			buildRules = (
			);
			dependencies = (
				AA40E17E2869552B000875C3 /* PBXTargetDependency */,
			);
			name = MacCopierTests;
			productName = MacCopierTests;
			productReference = AA40E17C2869552B000875C3 /* MacCopierTests.xctest */;
			productType = "com.apple.product-type.bundle.unit-test";
		};
		AA40E1852869552B000875C3 /* MacCopierUITests */ = {
			isa = PBXNativeTarget;
			buildConfigurationList = AA40E1962869552B000875C3 /* Build configuration list for PBXNativeTarget "MacCopierUITests" */;
			buildPhases = (
				AA40E1822869552B000875C3 /* Sources */,
				AA40E1832869552B000875C3 /* Frameworks */,
				AA40E1842869552B000875C3 /* Resources */,
			);
			buildRules = (
			);
			dependencies = (
				AA40E1882869552B000875C3 /* PBXTargetDependency */,
			);
			name = MacCopierUITests;
			productName = MacCopierUITests;
			productReference = AA40E1862869552B000875C3 /* MacCopierUITests.xctest */;
			productType = "com.apple.product-type.bundle.ui-testing";
		};
/* End PBXNativeTarget section */

/* Begin PBXProject section */
		AA40E16328695528000875C3 /* Project object */ = {
			isa = PBXProject;
			attributes = {
				BuildIndependentTargetsInParallel = 1;
				LastSwiftUpdateCheck = 1310;
				LastUpgradeCheck = 1310;
				TargetAttributes = {
					AA40E16A28695528000875C3 = {
						CreatedOnToolsVersion = 13.1;
					};
					AA40E17B2869552B000875C3 = {
						CreatedOnToolsVersion = 13.1;
						TestTargetID = AA40E16A28695528000875C3;
					};
					AA40E1852869552B000875C3 = {
						CreatedOnToolsVersion = 13.1;
						TestTargetID = AA40E16A28695528000875C3;
					};
				};
			};
			buildConfigurationList = AA40E16628695528000875C3 /* Build configuration list for PBXProject "MacCopier" */;
			compatibilityVersion = "Xcode 13.0";
			developmentRegion = en;
			hasScannedForEncodings = 0;
			knownRegions = (
				en,
				Base,
			);
			mainGroup = AA40E16228695528000875C3;
			packageReferences = (
				AAD54C702B4987AC00BF113E /* XCRemoteSwiftPackageReference "Settings" */,
				AA532FDA2D55DF51006FB340 /* XCRemoteSwiftPackageReference "LaunchAtLogin-Legacy" */,
				AA532FDB2D55DFDC006FB340 /* XCRemoteSwiftPackageReference "Sauce" */,
			);
			productRefGroup = AA40E16C28695528000875C3 /* Products */;
			projectDirPath = "";
			projectRoot = "";
			targets = (
				AA40E16A28695528000875C3 /* MacCopier */,
				AA40E17B2869552B000875C3 /* MacCopierTests */,
				AA40E1852869552B000875C3 /* MacCopierUITests */,
			);
		};
/* End PBXProject section */

/* Begin PBXResourcesBuildPhase section */
		AA40E16928695528000875C3 /* Resources */ = {
			isa = PBXResourcesBuildPhase;
			buildActionMask = 2147483647;
			files = (
				AA30750E28702C140070C8AC /* .gitignore in Resources */,
				AAA80DD12B4EC10200B36D7C /* RegexSettingViewController.xib in Resources */,
				AA40E1732869552B000875C3 /* Assets.xcassets in Resources */,
				AA4496DB2B4D62BA004EA9A9 /* GeneralSettingViewController.xib in Resources */,
				AA40E1762869552B000875C3 /* Main.storyboard in Resources */,
			);
			runOnlyForDeploymentPostprocessing = 0;
		};
		AA40E17A2869552B000875C3 /* Resources */ = {
			isa = PBXResourcesBuildPhase;
			buildActionMask = 2147483647;
			files = (
			);
			runOnlyForDeploymentPostprocessing = 0;
		};
		AA40E1842869552B000875C3 /* Resources */ = {
			isa = PBXResourcesBuildPhase;
			buildActionMask = 2147483647;
			files = (
			);
			runOnlyForDeploymentPostprocessing = 0;
		};
/* End PBXResourcesBuildPhase section */

/* Begin PBXShellScriptBuildPhase section */
		AA1F6EF1287018BB00350040 /* Run Script */ = {
			isa = PBXShellScriptBuildPhase;
			buildActionMask = 2147483647;
			files = (
			);
			inputFileListPaths = (
			);
			inputPaths = (
			);
			name = "Run Script";
			outputFileListPaths = (
			);
			outputPaths = (
			);
			runOnlyForDeploymentPostprocessing = 0;
			shellPath = /bin/sh;
			shellScript = "# Type a script or drag a script file from your workspace to insert its path.\n\"${BUILT_PRODUCTS_DIR}/LaunchAtLogin_LaunchAtLogin.bundle/Contents/Resources/copy-helper-swiftpm.sh\"\n";
		};
/* End PBXShellScriptBuildPhase section */

/* Begin PBXSourcesBuildPhase section */
		AA40E16728695528000875C3 /* Sources */ = {
			isa = PBXSourcesBuildPhase;
			buildActionMask = 2147483647;
			files = (
				AA4496DD2B4D62EB004EA9A9 /* GeneralSettingViewController.swift in Sources */,
				AA40E17128695528000875C3 /* ViewController.swift in Sources */,
				AAA80DD32B4EC11400B36D7C /* RegexSettingViewController.swift in Sources */,
				AA1F6EF0286FD3BE00350040 /* About.swift in Sources */,
				AA829A012879BB2900FCA4BE /* Clipboard.swift in Sources */,
				AA40E16F28695528000875C3 /* AppDelegate.swift in Sources */,
			);
			runOnlyForDeploymentPostprocessing = 0;
		};
		AA40E1782869552B000875C3 /* Sources */ = {
			isa = PBXSourcesBuildPhase;
			buildActionMask = 2147483647;
			files = (
				AA40E1812869552B000875C3 /* MacCopierTests.swift in Sources */,
			);
			runOnlyForDeploymentPostprocessing = 0;
		};
		AA40E1822869552B000875C3 /* Sources */ = {
			isa = PBXSourcesBuildPhase;
			buildActionMask = 2147483647;
			files = (
				AA40E18D2869552B000875C3 /* MacCopierUITestsLaunchTests.swift in Sources */,
				AA40E18B2869552B000875C3 /* MacCopierUITests.swift in Sources */,
			);
			runOnlyForDeploymentPostprocessing = 0;
		};
/* End PBXSourcesBuildPhase section */

/* Begin PBXTargetDependency section */
		AA40E17E2869552B000875C3 /* PBXTargetDependency */ = {
			isa = PBXTargetDependency;
			target = AA40E16A28695528000875C3 /* MacCopier */;
			targetProxy = AA40E17D2869552B000875C3 /* PBXContainerItemProxy */;
		};
		AA40E1882869552B000875C3 /* PBXTargetDependency */ = {
			isa = PBXTargetDependency;
			target = AA40E16A28695528000875C3 /* MacCopier */;
			targetProxy = AA40E1872869552B000875C3 /* PBXContainerItemProxy */;
		};
/* End PBXTargetDependency section */

/* Begin PBXVariantGroup section */
		AA40E1742869552B000875C3 /* Main.storyboard */ = {
			isa = PBXVariantGroup;
			children = (
				AA40E1752869552B000875C3 /* Base */,
			);
			name = Main.storyboard;
			sourceTree = "<group>";
		};
/* End PBXVariantGroup section */

/* Begin XCBuildConfiguration section */
		AA40E18E2869552B000875C3 /* Debug */ = {
			isa = XCBuildConfiguration;
			buildSettings = {
				ALWAYS_SEARCH_USER_PATHS = NO;
				CLANG_ANALYZER_NONNULL = YES;
				CLANG_ANALYZER_NUMBER_OBJECT_CONVERSION = YES_AGGRESSIVE;
				CLANG_CXX_LANGUAGE_STANDARD = "gnu++17";
				CLANG_CXX_LIBRARY = "libc++";
				CLANG_ENABLE_MODULES = YES;
				CLANG_ENABLE_OBJC_ARC = YES;
				CLANG_ENABLE_OBJC_WEAK = YES;
				CLANG_WARN_BLOCK_CAPTURE_AUTORELEASING = YES;
				CLANG_WARN_BOOL_CONVERSION = YES;
				CLANG_WARN_COMMA = YES;
				CLANG_WARN_CONSTANT_CONVERSION = YES;
				CLANG_WARN_DEPRECATED_OBJC_IMPLEMENTATIONS = YES;
				CLANG_WARN_DIRECT_OBJC_ISA_USAGE = YES_ERROR;
				CLANG_WARN_DOCUMENTATION_COMMENTS = YES;
				CLANG_WARN_EMPTY_BODY = YES;
				CLANG_WARN_ENUM_CONVERSION = YES;
				CLANG_WARN_INFINITE_RECURSION = YES;
				CLANG_WARN_INT_CONVERSION = YES;
				CLANG_WARN_NON_LITERAL_NULL_CONVERSION = YES;
				CLANG_WARN_OBJC_IMPLICIT_RETAIN_SELF = YES;
				CLANG_WARN_OBJC_LITERAL_CONVERSION = YES;
				CLANG_WARN_OBJC_ROOT_CLASS = YES_ERROR;
				CLANG_WARN_QUOTED_INCLUDE_IN_FRAMEWORK_HEADER = YES;
				CLANG_WARN_RANGE_LOOP_ANALYSIS = YES;
				CLANG_WARN_STRICT_PROTOTYPES = YES;
				CLANG_WARN_SUSPICIOUS_MOVE = YES;
				CLANG_WARN_UNGUARDED_AVAILABILITY = YES_AGGRESSIVE;
				CLANG_WARN_UNREACHABLE_CODE = YES;
				CLANG_WARN__DUPLICATE_METHOD_MATCH = YES;
				COPY_PHASE_STRIP = NO;
				DEBUG_INFORMATION_FORMAT = dwarf;
				ENABLE_STRICT_OBJC_MSGSEND = YES;
				ENABLE_TESTABILITY = YES;
				GCC_C_LANGUAGE_STANDARD = gnu11;
				GCC_DYNAMIC_NO_PIC = NO;
				GCC_NO_COMMON_BLOCKS = YES;
				GCC_OPTIMIZATION_LEVEL = 0;
				GCC_PREPROCESSOR_DEFINITIONS = (
					"DEBUG=1",
					"$(inherited)",
				);
				GCC_WARN_64_TO_32_BIT_CONVERSION = YES;
				GCC_WARN_ABOUT_RETURN_TYPE = YES_ERROR;
				GCC_WARN_UNDECLARED_SELECTOR = YES;
				GCC_WARN_UNINITIALIZED_AUTOS = YES_AGGRESSIVE;
				GCC_WARN_UNUSED_FUNCTION = YES;
				GCC_WARN_UNUSED_VARIABLE = YES;
				MACOSX_DEPLOYMENT_TARGET = 12.0;
				MTL_ENABLE_DEBUG_INFO = INCLUDE_SOURCE;
				MTL_FAST_MATH = YES;
				ONLY_ACTIVE_ARCH = YES;
				SDKROOT = macosx;
				SWIFT_ACTIVE_COMPILATION_CONDITIONS = DEBUG;
				SWIFT_OPTIMIZATION_LEVEL = "-Onone";
			};
			name = Debug;
		};
		AA40E18F2869552B000875C3 /* Release */ = {
			isa = XCBuildConfiguration;
			buildSettings = {
				ALWAYS_SEARCH_USER_PATHS = NO;
				CLANG_ANALYZER_NONNULL = YES;
				CLANG_ANALYZER_NUMBER_OBJECT_CONVERSION = YES_AGGRESSIVE;
				CLANG_CXX_LANGUAGE_STANDARD = "gnu++17";
				CLANG_CXX_LIBRARY = "libc++";
				CLANG_ENABLE_MODULES = YES;
				CLANG_ENABLE_OBJC_ARC = YES;
				CLANG_ENABLE_OBJC_WEAK = YES;
				CLANG_WARN_BLOCK_CAPTURE_AUTORELEASING = YES;
				CLANG_WARN_BOOL_CONVERSION = YES;
				CLANG_WARN_COMMA = YES;
				CLANG_WARN_CONSTANT_CONVERSION = YES;
				CLANG_WARN_DEPRECATED_OBJC_IMPLEMENTATIONS = YES;
				CLANG_WARN_DIRECT_OBJC_ISA_USAGE = YES_ERROR;
				CLANG_WARN_DOCUMENTATION_COMMENTS = YES;
				CLANG_WARN_EMPTY_BODY = YES;
				CLANG_WARN_ENUM_CONVERSION = YES;
				CLANG_WARN_INFINITE_RECURSION = YES;
				CLANG_WARN_INT_CONVERSION = YES;
				CLANG_WARN_NON_LITERAL_NULL_CONVERSION = YES;
				CLANG_WARN_OBJC_IMPLICIT_RETAIN_SELF = YES;
				CLANG_WARN_OBJC_LITERAL_CONVERSION = YES;
				CLANG_WARN_OBJC_ROOT_CLASS = YES_ERROR;
				CLANG_WARN_QUOTED_INCLUDE_IN_FRAMEWORK_HEADER = YES;
				CLANG_WARN_RANGE_LOOP_ANALYSIS = YES;
				CLANG_WARN_STRICT_PROTOTYPES = YES;
				CLANG_WARN_SUSPICIOUS_MOVE = YES;
				CLANG_WARN_UNGUARDED_AVAILABILITY = YES_AGGRESSIVE;
				CLANG_WARN_UNREACHABLE_CODE = YES;
				CLANG_WARN__DUPLICATE_METHOD_MATCH = YES;
				COPY_PHASE_STRIP = NO;
				DEBUG_INFORMATION_FORMAT = "dwarf-with-dsym";
				ENABLE_NS_ASSERTIONS = NO;
				ENABLE_STRICT_OBJC_MSGSEND = YES;
				GCC_C_LANGUAGE_STANDARD = gnu11;
				GCC_NO_COMMON_BLOCKS = YES;
				GCC_WARN_64_TO_32_BIT_CONVERSION = YES;
				GCC_WARN_ABOUT_RETURN_TYPE = YES_ERROR;
				GCC_WARN_UNDECLARED_SELECTOR = YES;
				GCC_WARN_UNINITIALIZED_AUTOS = YES_AGGRESSIVE;
				GCC_WARN_UNUSED_FUNCTION = YES;
				GCC_WARN_UNUSED_VARIABLE = YES;
				MACOSX_DEPLOYMENT_TARGET = 12.0;
				MTL_ENABLE_DEBUG_INFO = NO;
				MTL_FAST_MATH = YES;
				SDKROOT = macosx;
				SWIFT_COMPILATION_MODE = wholemodule;
				SWIFT_OPTIMIZATION_LEVEL = "-O";
			};
			name = Release;
		};
		AA40E1912869552B000875C3 /* Debug */ = {
			isa = XCBuildConfiguration;
			buildSettings = {
				ASSETCATALOG_COMPILER_APPICON_NAME = AppIcon;
				ASSETCATALOG_COMPILER_GLOBAL_ACCENT_COLOR_NAME = AccentColor;
				CODE_SIGN_ENTITLEMENTS = MacCopier/MacCopier.entitlements;
				CODE_SIGN_STYLE = Automatic;
				COMBINE_HIDPI_IMAGES = YES;
				CURRENT_PROJECT_VERSION = 1;
				GENERATE_INFOPLIST_FILE = YES;
				INFOPLIST_FILE = MacCopier/Info.plist;
				INFOPLIST_KEY_NSHumanReadableCopyright = "";
				INFOPLIST_KEY_NSMainStoryboardFile = Main;
				INFOPLIST_KEY_NSPrincipalClass = NSApplication;
				LD_RUNPATH_SEARCH_PATHS = (
					"$(inherited)",
					"@executable_path/../Frameworks",
				);
				MARKETING_VERSION = 3.4;
				PRODUCT_BUNDLE_IDENTIFIER = xyz.taohan.MacCopier;
				PRODUCT_NAME = "$(TARGET_NAME)";
				SWIFT_EMIT_LOC_STRINGS = YES;
				SWIFT_VERSION = 5.0;
			};
			name = Debug;
		};
		AA40E1922869552B000875C3 /* Release */ = {
			isa = XCBuildConfiguration;
			buildSettings = {
				ASSETCATALOG_COMPILER_APPICON_NAME = AppIcon;
				ASSETCATALOG_COMPILER_GLOBAL_ACCENT_COLOR_NAME = AccentColor;
				CODE_SIGN_ENTITLEMENTS = MacCopier/MacCopier.entitlements;
				CODE_SIGN_STYLE = Automatic;
				COMBINE_HIDPI_IMAGES = YES;
				CURRENT_PROJECT_VERSION = 1;
				GENERATE_INFOPLIST_FILE = YES;
				INFOPLIST_FILE = MacCopier/Info.plist;
				INFOPLIST_KEY_NSHumanReadableCopyright = "";
				INFOPLIST_KEY_NSMainStoryboardFile = Main;
				INFOPLIST_KEY_NSPrincipalClass = NSApplication;
				LD_RUNPATH_SEARCH_PATHS = (
					"$(inherited)",
					"@executable_path/../Frameworks",
				);
				MARKETING_VERSION = 3.4;
				PRODUCT_BUNDLE_IDENTIFIER = xyz.taohan.MacCopier;
				PRODUCT_NAME = "$(TARGET_NAME)";
				SWIFT_EMIT_LOC_STRINGS = YES;
				SWIFT_VERSION = 5.0;
			};
			name = Release;
		};
		AA40E1942869552B000875C3 /* Debug */ = {
			isa = XCBuildConfiguration;
			buildSettings = {
				ALWAYS_EMBED_SWIFT_STANDARD_LIBRARIES = YES;
				BUNDLE_LOADER = "$(TEST_HOST)";
				CODE_SIGN_STYLE = Automatic;
				COMBINE_HIDPI_IMAGES = YES;
				CURRENT_PROJECT_VERSION = 1;
				GENERATE_INFOPLIST_FILE = YES;
				LD_RUNPATH_SEARCH_PATHS = (
					"$(inherited)",
					"@executable_path/../Frameworks",
					"@loader_path/../Frameworks",
				);
				MACOSX_DEPLOYMENT_TARGET = 12.0;
				MARKETING_VERSION = 1.0;
				PRODUCT_BUNDLE_IDENTIFIER = xyz.taohan.MacCopierTests;
				PRODUCT_NAME = "$(TARGET_NAME)";
				SWIFT_EMIT_LOC_STRINGS = NO;
				SWIFT_VERSION = 5.0;
				TEST_HOST = "$(BUILT_PRODUCTS_DIR)/MacCopier.app/Contents/MacOS/MacCopier";
			};
			name = Debug;
		};
		AA40E1952869552B000875C3 /* Release */ = {
			isa = XCBuildConfiguration;
			buildSettings = {
				ALWAYS_EMBED_SWIFT_STANDARD_LIBRARIES = YES;
				BUNDLE_LOADER = "$(TEST_HOST)";
				CODE_SIGN_STYLE = Automatic;
				COMBINE_HIDPI_IMAGES = YES;
				CURRENT_PROJECT_VERSION = 1;
				GENERATE_INFOPLIST_FILE = YES;
				LD_RUNPATH_SEARCH_PATHS = (
					"$(inherited)",
					"@executable_path/../Frameworks",
					"@loader_path/../Frameworks",
				);
				MACOSX_DEPLOYMENT_TARGET = 12.0;
				MARKETING_VERSION = 1.0;
				PRODUCT_BUNDLE_IDENTIFIER = xyz.taohan.MacCopierTests;
				PRODUCT_NAME = "$(TARGET_NAME)";
				SWIFT_EMIT_LOC_STRINGS = NO;
				SWIFT_VERSION = 5.0;
				TEST_HOST = "$(BUILT_PRODUCTS_DIR)/MacCopier.app/Contents/MacOS/MacCopier";
			};
			name = Release;
		};
		AA40E1972869552B000875C3 /* Debug */ = {
			isa = XCBuildConfiguration;
			buildSettings = {
				ALWAYS_EMBED_SWIFT_STANDARD_LIBRARIES = YES;
				CODE_SIGN_STYLE = Automatic;
				COMBINE_HIDPI_IMAGES = YES;
				CURRENT_PROJECT_VERSION = 1;
				GENERATE_INFOPLIST_FILE = YES;
				LD_RUNPATH_SEARCH_PATHS = (
					"$(inherited)",
					"@executable_path/../Frameworks",
					"@loader_path/../Frameworks",
				);
				MARKETING_VERSION = 1.0;
				PRODUCT_BUNDLE_IDENTIFIER = xyz.taohan.MacCopierUITests;
				PRODUCT_NAME = "$(TARGET_NAME)";
				SWIFT_EMIT_LOC_STRINGS = NO;
				SWIFT_VERSION = 5.0;
				TEST_TARGET_NAME = MacCopier;
			};
			name = Debug;
		};
		AA40E1982869552B000875C3 /* Release */ = {
			isa = XCBuildConfiguration;
			buildSettings = {
				ALWAYS_EMBED_SWIFT_STANDARD_LIBRARIES = YES;
				CODE_SIGN_STYLE = Automatic;
				COMBINE_HIDPI_IMAGES = YES;
				CURRENT_PROJECT_VERSION = 1;
				GENERATE_INFOPLIST_FILE = YES;
				LD_RUNPATH_SEARCH_PATHS = (
					"$(inherited)",
					"@executable_path/../Frameworks",
					"@loader_path/../Frameworks",
				);
				MARKETING_VERSION = 1.0;
				PRODUCT_BUNDLE_IDENTIFIER = xyz.taohan.MacCopierUITests;
				PRODUCT_NAME = "$(TARGET_NAME)";
				SWIFT_EMIT_LOC_STRINGS = NO;
				SWIFT_VERSION = 5.0;
				TEST_TARGET_NAME = MacCopier;
			};
			name = Release;
		};
/* End XCBuildConfiguration section */

/* Begin XCConfigurationList section */
		AA40E16628695528000875C3 /* Build configuration list for PBXProject "MacCopier" */ = {
			isa = XCConfigurationList;
			buildConfigurations = (
				AA40E18E2869552B000875C3 /* Debug */,
				AA40E18F2869552B000875C3 /* Release */,
			);
			defaultConfigurationIsVisible = 0;
			defaultConfigurationName = Release;
		};
		AA40E1902869552B000875C3 /* Build configuration list for PBXNativeTarget "MacCopier" */ = {
			isa = XCConfigurationList;
			buildConfigurations = (
				AA40E1912869552B000875C3 /* Debug */,
				AA40E1922869552B000875C3 /* Release */,
			);
			defaultConfigurationIsVisible = 0;
			defaultConfigurationName = Release;
		};
		AA40E1932869552B000875C3 /* Build configuration list for PBXNativeTarget "MacCopierTests" */ = {
			isa = XCConfigurationList;
			buildConfigurations = (
				AA40E1942869552B000875C3 /* Debug */,
				AA40E1952869552B000875C3 /* Release */,
			);
			defaultConfigurationIsVisible = 0;
			defaultConfigurationName = Release;
		};
		AA40E1962869552B000875C3 /* Build configuration list for PBXNativeTarget "MacCopierUITests" */ = {
			isa = XCConfigurationList;
			buildConfigurations = (
				AA40E1972869552B000875C3 /* Debug */,
				AA40E1982869552B000875C3 /* Release */,
			);
			defaultConfigurationIsVisible = 0;
			defaultConfigurationName = Release;
		};
/* End XCConfigurationList section */

/* Begin XCRemoteSwiftPackageReference section */
		AA532FDA2D55DF51006FB340 /* XCRemoteSwiftPackageReference "LaunchAtLogin-Legacy" */ = {
			isa = XCRemoteSwiftPackageReference;
			repositoryURL = "https://github.com/sindresorhus/LaunchAtLogin-Legacy";
			requirement = {
				kind = exactVersion;
				version = 5.0.2;
			};
		};
		AA532FDB2D55DFDC006FB340 /* XCRemoteSwiftPackageReference "Sauce" */ = {
			isa = XCRemoteSwiftPackageReference;
			repositoryURL = "https://github.com/Clipy/Sauce.git";
			requirement = {
				kind = exactVersion;
				version = 2.4.1;
			};
		};
		AAD54C702B4987AC00BF113E /* XCRemoteSwiftPackageReference "Settings" */ = {
			isa = XCRemoteSwiftPackageReference;
			repositoryURL = "https://gitee.com/taohan/Settings.git";
			requirement = {
				kind = upToNextMajorVersion;
				minimumVersion = 3.1.0;
			};
		};
/* End XCRemoteSwiftPackageReference section */

/* Begin XCSwiftPackageProductDependency section */
		AA532FDC2D55E097006FB340 /* LaunchAtLogin */ = {
			isa = XCSwiftPackageProductDependency;
			package = AA532FDA2D55DF51006FB340 /* XCRemoteSwiftPackageReference "LaunchAtLogin-Legacy" */;
			productName = LaunchAtLogin;
		};
		AA532FDE2D55E0AD006FB340 /* Sauce */ = {
			isa = XCSwiftPackageProductDependency;
			package = AA532FDB2D55DFDC006FB340 /* XCRemoteSwiftPackageReference "Sauce" */;
			productName = Sauce;
		};
		AAD54C712B4987AC00BF113E /* Settings */ = {
			isa = XCSwiftPackageProductDependency;
			package = AAD54C702B4987AC00BF113E /* XCRemoteSwiftPackageReference "Settings" */;
			productName = Settings;
		};
/* End XCSwiftPackageProductDependency section */
	};
	rootObject = AA40E16328695528000875C3 /* Project object */;
}
